
Microsoft Visual Studio Solution File, Format Version 12.00
# Visual Studio 15
VisualStudioVersion = 15.0.26124.0
MinimumVisualStudioVersion = 15.0.26124.0
Project("{2150E333-8FDC-42A3-9474-1A3956D46DE8}") = "src", "src", "{AFC4053E-ED0C-4912-82F6-A9550215D8C7}"
EndProject
Project("{FAE04EC0-301F-11D3-BF4B-00C04F79EFBC}") = "PiorJogoDoMundo.App", "src\PiorJogoDoMundo.App\PiorJogoDoMundo.App.csproj", "{BB773F68-1C9A-47A8-B91C-8972E15FB800}"
EndProject
Global
	GlobalSection(SolutionConfigurationPlatforms) = preSolution
		Debug|Any CPU = Debug|Any CPU
		Debug|x64 = Debug|x64
		Debug|x86 = Debug|x86
		Release|Any CPU = Release|Any CPU
		Release|x64 = Release|x64
		Release|x86 = Release|x86
	EndGlobalSection
	GlobalSection(SolutionProperties) = preSolution
		HideSolutionNode = FALSE
	EndGlobalSection
	GlobalSection(ProjectConfigurationPlatforms) = postSolution
		{BB773F68-1C9A-47A8-B91C-8972E15FB800}.Debug|Any CPU.ActiveCfg = Debug|Any CPU
		{BB773F68-1C9A-47A8-B91C-8972E15FB800}.Debug|Any CPU.Build.0 = Debug|Any CPU
		{BB773F68-1C9A-47A8-B91C-8972E15FB800}.Debug|x64.ActiveCfg = Debug|x64
		{BB773F68-1C9A-47A8-B91C-8972E15FB800}.Debug|x64.Build.0 = Debug|x64
		{BB773F68-1C9A-47A8-B91C-8972E15FB800}.Debug|x86.ActiveCfg = Debug|x86
		{BB773F68-1C9A-47A8-B91C-8972E15FB800}.Debug|x86.Build.0 = Debug|x86
		{BB773F68-1C9A-47A8-B91C-8972E15FB800}.Release|Any CPU.ActiveCfg = Release|Any CPU
		{BB773F68-1C9A-47A8-B91C-8972E15FB800}.Release|Any CPU.Build.0 = Release|Any CPU
		{BB773F68-1C9A-47A8-B91C-8972E15FB800}.Release|x64.ActiveCfg = Release|x64
		{BB773F68-1C9A-47A8-B91C-8972E15FB800}.Release|x64.Build.0 = Release|x64
		{BB773F68-1C9A-47A8-B91C-8972E15FB800}.Release|x86.ActiveCfg = Release|x86
		{BB773F68-1C9A-47A8-B91C-8972E15FB800}.Release|x86.Build.0 = Release|x86
	EndGlobalSection
	GlobalSection(NestedProjects) = preSolution
		{BB773F68-1C9A-47A8-B91C-8972E15FB800} = {AFC4053E-ED0C-4912-82F6-A9550215D8C7}
	EndGlobalSection
EndGlobal
