
Microsoft Visual Studio Solution File, Format Version 12.00
# Visual Studio 15
VisualStudioVersion = 15.0.26124.0
MinimumVisualStudioVersion = 15.0.26124.0
Project("{2150E333-8FDC-42A3-9474-1A3956D46DE8}") = "src", "src", "{B860498B-A483-44C9-A409-8E1366AE687A}"
EndProject
Project("{FAE04EC0-301F-11D3-BF4B-00C04F79EFBC}") = "Class", "src\Class\Class.csproj", "{25A0DA9B-60F2-4917-BBE9-A2DB35FC9C06}"
EndProject
Project("{2150E333-8FDC-42A3-9474-1A3956D46DE8}") = "test", "test", "{B8EECA6A-44C5-454A-B49F-59F3368F5848}"
EndProject
Project("{FAE04EC0-301F-11D3-BF4B-00C04F79EFBC}") = "Calculadora.Test", "test\Calculadora.Test\Calculadora.Test.csproj", "{E9982556-3AF9-4313-A9C3-00DD368D952D}"
EndProject
Global
	GlobalSection(SolutionConfigurationPlatforms) = preSolution
		Debug|Any CPU = Debug|Any CPU
		Debug|x64 = Debug|x64
		Debug|x86 = Debug|x86
		Release|Any CPU = Release|Any CPU
		Release|x64 = Release|x64
		Release|x86 = Release|x86
	EndGlobalSection
	GlobalSection(SolutionProperties) = preSolution
		HideSolutionNode = FALSE
	EndGlobalSection
	GlobalSection(ProjectConfigurationPlatforms) = postSolution
		{25A0DA9B-60F2-4917-BBE9-A2DB35FC9C06}.Debug|Any CPU.ActiveCfg = Debug|Any CPU
		{25A0DA9B-60F2-4917-BBE9-A2DB35FC9C06}.Debug|Any CPU.Build.0 = Debug|Any CPU
		{25A0DA9B-60F2-4917-BBE9-A2DB35FC9C06}.Debug|x64.ActiveCfg = Debug|x64
		{25A0DA9B-60F2-4917-BBE9-A2DB35FC9C06}.Debug|x64.Build.0 = Debug|x64
		{25A0DA9B-60F2-4917-BBE9-A2DB35FC9C06}.Debug|x86.ActiveCfg = Debug|x86
		{25A0DA9B-60F2-4917-BBE9-A2DB35FC9C06}.Debug|x86.Build.0 = Debug|x86
		{25A0DA9B-60F2-4917-BBE9-A2DB35FC9C06}.Release|Any CPU.ActiveCfg = Release|Any CPU
		{25A0DA9B-60F2-4917-BBE9-A2DB35FC9C06}.Release|Any CPU.Build.0 = Release|Any CPU
		{25A0DA9B-60F2-4917-BBE9-A2DB35FC9C06}.Release|x64.ActiveCfg = Release|x64
		{25A0DA9B-60F2-4917-BBE9-A2DB35FC9C06}.Release|x64.Build.0 = Release|x64
		{25A0DA9B-60F2-4917-BBE9-A2DB35FC9C06}.Release|x86.ActiveCfg = Release|x86
		{25A0DA9B-60F2-4917-BBE9-A2DB35FC9C06}.Release|x86.Build.0 = Release|x86
		{E9982556-3AF9-4313-A9C3-00DD368D952D}.Debug|Any CPU.ActiveCfg = Debug|Any CPU
		{E9982556-3AF9-4313-A9C3-00DD368D952D}.Debug|Any CPU.Build.0 = Debug|Any CPU
		{E9982556-3AF9-4313-A9C3-00DD368D952D}.Debug|x64.ActiveCfg = Debug|x64
		{E9982556-3AF9-4313-A9C3-00DD368D952D}.Debug|x64.Build.0 = Debug|x64
		{E9982556-3AF9-4313-A9C3-00DD368D952D}.Debug|x86.ActiveCfg = Debug|x86
		{E9982556-3AF9-4313-A9C3-00DD368D952D}.Debug|x86.Build.0 = Debug|x86
		{E9982556-3AF9-4313-A9C3-00DD368D952D}.Release|Any CPU.ActiveCfg = Release|Any CPU
		{E9982556-3AF9-4313-A9C3-00DD368D952D}.Release|Any CPU.Build.0 = Release|Any CPU
		{E9982556-3AF9-4313-A9C3-00DD368D952D}.Release|x64.ActiveCfg = Release|x64
		{E9982556-3AF9-4313-A9C3-00DD368D952D}.Release|x64.Build.0 = Release|x64
		{E9982556-3AF9-4313-A9C3-00DD368D952D}.Release|x86.ActiveCfg = Release|x86
		{E9982556-3AF9-4313-A9C3-00DD368D952D}.Release|x86.Build.0 = Release|x86
	EndGlobalSection
	GlobalSection(NestedProjects) = preSolution
		{25A0DA9B-60F2-4917-BBE9-A2DB35FC9C06} = {B860498B-A483-44C9-A409-8E1366AE687A}
		{E9982556-3AF9-4313-A9C3-00DD368D952D} = {B8EECA6A-44C5-454A-B49F-59F3368F5848}
	EndGlobalSection
EndGlobal
