
Microsoft Visual Studio Solution File, Format Version 12.00
# Visual Studio 15
VisualStudioVersion = 15.0.26124.0
MinimumVisualStudioVersion = 15.0.26124.0
Project("{2150E333-8FDC-42A3-9474-1A3956D46DE8}") = "src", "src", "{75C616FB-719B-4DD1-A96E-6F88EA48B5FF}"
EndProject
Project("{FAE04EC0-301F-11D3-BF4B-00C04F79EFBC}") = "SpotifyCrescer.Dominio", "src\SpotifyCrescer.Dominio\SpotifyCrescer.Dominio.csproj", "{5095D4A3-7FB1-4B97-9F0E-0146F186885F}"
EndProject
Project("{2150E333-8FDC-42A3-9474-1A3956D46DE8}") = "test", "test", "{0A1AC742-BF48-4602-BF2E-801CF5E2269C}"
EndProject
Project("{FAE04EC0-301F-11D3-BF4B-00C04F79EFBC}") = "SpotifyCrescer.Dominio.Tests", "test\SpotifyCrescer.Dominio.Tests\SpotifyCrescer.Dominio.Tests.csproj", "{300FCF85-3872-4C13-90B9-B70EFB6F96D2}"
EndProject
Project("{FAE04EC0-301F-11D3-BF4B-00C04F79EFBC}") = "SpotifyCrescer.Infra", "src\SpotifyCrescer.Infra\SpotifyCrescer.Infra.csproj", "{F756D431-01D2-43D1-93E5-1E4A58A6C0F4}"
EndProject
Project("{FAE04EC0-301F-11D3-BF4B-00C04F79EFBC}") = "SpotifyCrescer.Api", "src\SpotifyCrescer.Api\SpotifyCrescer.Api.csproj", "{CCCAAAE0-07AD-492E-9F2B-F4DE1AF5AD8B}"
EndProject
Global
	GlobalSection(SolutionConfigurationPlatforms) = preSolution
		Debug|Any CPU = Debug|Any CPU
		Debug|x64 = Debug|x64
		Debug|x86 = Debug|x86
		Release|Any CPU = Release|Any CPU
		Release|x64 = Release|x64
		Release|x86 = Release|x86
	EndGlobalSection
	GlobalSection(SolutionProperties) = preSolution
		HideSolutionNode = FALSE
	EndGlobalSection
	GlobalSection(ProjectConfigurationPlatforms) = postSolution
		{5095D4A3-7FB1-4B97-9F0E-0146F186885F}.Debug|Any CPU.ActiveCfg = Debug|Any CPU
		{5095D4A3-7FB1-4B97-9F0E-0146F186885F}.Debug|Any CPU.Build.0 = Debug|Any CPU
		{5095D4A3-7FB1-4B97-9F0E-0146F186885F}.Debug|x64.ActiveCfg = Debug|x64
		{5095D4A3-7FB1-4B97-9F0E-0146F186885F}.Debug|x64.Build.0 = Debug|x64
		{5095D4A3-7FB1-4B97-9F0E-0146F186885F}.Debug|x86.ActiveCfg = Debug|x86
		{5095D4A3-7FB1-4B97-9F0E-0146F186885F}.Debug|x86.Build.0 = Debug|x86
		{5095D4A3-7FB1-4B97-9F0E-0146F186885F}.Release|Any CPU.ActiveCfg = Release|Any CPU
		{5095D4A3-7FB1-4B97-9F0E-0146F186885F}.Release|Any CPU.Build.0 = Release|Any CPU
		{5095D4A3-7FB1-4B97-9F0E-0146F186885F}.Release|x64.ActiveCfg = Release|x64
		{5095D4A3-7FB1-4B97-9F0E-0146F186885F}.Release|x64.Build.0 = Release|x64
		{5095D4A3-7FB1-4B97-9F0E-0146F186885F}.Release|x86.ActiveCfg = Release|x86
		{5095D4A3-7FB1-4B97-9F0E-0146F186885F}.Release|x86.Build.0 = Release|x86
		{300FCF85-3872-4C13-90B9-B70EFB6F96D2}.Debug|Any CPU.ActiveCfg = Debug|Any CPU
		{300FCF85-3872-4C13-90B9-B70EFB6F96D2}.Debug|Any CPU.Build.0 = Debug|Any CPU
		{300FCF85-3872-4C13-90B9-B70EFB6F96D2}.Debug|x64.ActiveCfg = Debug|x64
		{300FCF85-3872-4C13-90B9-B70EFB6F96D2}.Debug|x64.Build.0 = Debug|x64
		{300FCF85-3872-4C13-90B9-B70EFB6F96D2}.Debug|x86.ActiveCfg = Debug|x86
		{300FCF85-3872-4C13-90B9-B70EFB6F96D2}.Debug|x86.Build.0 = Debug|x86
		{300FCF85-3872-4C13-90B9-B70EFB6F96D2}.Release|Any CPU.ActiveCfg = Release|Any CPU
		{300FCF85-3872-4C13-90B9-B70EFB6F96D2}.Release|Any CPU.Build.0 = Release|Any CPU
		{300FCF85-3872-4C13-90B9-B70EFB6F96D2}.Release|x64.ActiveCfg = Release|x64
		{300FCF85-3872-4C13-90B9-B70EFB6F96D2}.Release|x64.Build.0 = Release|x64
		{300FCF85-3872-4C13-90B9-B70EFB6F96D2}.Release|x86.ActiveCfg = Release|x86
		{300FCF85-3872-4C13-90B9-B70EFB6F96D2}.Release|x86.Build.0 = Release|x86
		{F756D431-01D2-43D1-93E5-1E4A58A6C0F4}.Debug|Any CPU.ActiveCfg = Debug|Any CPU
		{F756D431-01D2-43D1-93E5-1E4A58A6C0F4}.Debug|Any CPU.Build.0 = Debug|Any CPU
		{F756D431-01D2-43D1-93E5-1E4A58A6C0F4}.Debug|x64.ActiveCfg = Debug|x64
		{F756D431-01D2-43D1-93E5-1E4A58A6C0F4}.Debug|x64.Build.0 = Debug|x64
		{F756D431-01D2-43D1-93E5-1E4A58A6C0F4}.Debug|x86.ActiveCfg = Debug|x86
		{F756D431-01D2-43D1-93E5-1E4A58A6C0F4}.Debug|x86.Build.0 = Debug|x86
		{F756D431-01D2-43D1-93E5-1E4A58A6C0F4}.Release|Any CPU.ActiveCfg = Release|Any CPU
		{F756D431-01D2-43D1-93E5-1E4A58A6C0F4}.Release|Any CPU.Build.0 = Release|Any CPU
		{F756D431-01D2-43D1-93E5-1E4A58A6C0F4}.Release|x64.ActiveCfg = Release|x64
		{F756D431-01D2-43D1-93E5-1E4A58A6C0F4}.Release|x64.Build.0 = Release|x64
		{F756D431-01D2-43D1-93E5-1E4A58A6C0F4}.Release|x86.ActiveCfg = Release|x86
		{F756D431-01D2-43D1-93E5-1E4A58A6C0F4}.Release|x86.Build.0 = Release|x86
		{CCCAAAE0-07AD-492E-9F2B-F4DE1AF5AD8B}.Debug|Any CPU.ActiveCfg = Debug|Any CPU
		{CCCAAAE0-07AD-492E-9F2B-F4DE1AF5AD8B}.Debug|Any CPU.Build.0 = Debug|Any CPU
		{CCCAAAE0-07AD-492E-9F2B-F4DE1AF5AD8B}.Debug|x64.ActiveCfg = Debug|x64
		{CCCAAAE0-07AD-492E-9F2B-F4DE1AF5AD8B}.Debug|x64.Build.0 = Debug|x64
		{CCCAAAE0-07AD-492E-9F2B-F4DE1AF5AD8B}.Debug|x86.ActiveCfg = Debug|x86
		{CCCAAAE0-07AD-492E-9F2B-F4DE1AF5AD8B}.Debug|x86.Build.0 = Debug|x86
		{CCCAAAE0-07AD-492E-9F2B-F4DE1AF5AD8B}.Release|Any CPU.ActiveCfg = Release|Any CPU
		{CCCAAAE0-07AD-492E-9F2B-F4DE1AF5AD8B}.Release|Any CPU.Build.0 = Release|Any CPU
		{CCCAAAE0-07AD-492E-9F2B-F4DE1AF5AD8B}.Release|x64.ActiveCfg = Release|x64
		{CCCAAAE0-07AD-492E-9F2B-F4DE1AF5AD8B}.Release|x64.Build.0 = Release|x64
		{CCCAAAE0-07AD-492E-9F2B-F4DE1AF5AD8B}.Release|x86.ActiveCfg = Release|x86
		{CCCAAAE0-07AD-492E-9F2B-F4DE1AF5AD8B}.Release|x86.Build.0 = Release|x86
	EndGlobalSection
	GlobalSection(NestedProjects) = preSolution
		{5095D4A3-7FB1-4B97-9F0E-0146F186885F} = {75C616FB-719B-4DD1-A96E-6F88EA48B5FF}
		{300FCF85-3872-4C13-90B9-B70EFB6F96D2} = {0A1AC742-BF48-4602-BF2E-801CF5E2269C}
		{F756D431-01D2-43D1-93E5-1E4A58A6C0F4} = {75C616FB-719B-4DD1-A96E-6F88EA48B5FF}
		{CCCAAAE0-07AD-492E-9F2B-F4DE1AF5AD8B} = {75C616FB-719B-4DD1-A96E-6F88EA48B5FF}
	EndGlobalSection
EndGlobal
